// !$*UTF8*$!
{
	archiveVersion = 1;
	classes = {
	};
	objectVersion = 56;
	objects = {

/* Begin PBXBuildFile section */
		634C884D2AF7F4980035A1E8 /* Model.swift in Sources */ = {isa = PBXBuildFile; fileRef = 634C884C2AF7F4980035A1E8 /* Model.swift */; };
		634C884F2AF8715E0035A1E8 /* Keychain.swift in Sources */ = {isa = PBXBuildFile; fileRef = 634C884E2AF8715E0035A1E8 /* Keychain.swift */; };
		635EEC6D2AF7CB6D00D9A9B3 /* AppDelegate.swift in Sources */ = {isa = PBXBuildFile; fileRef = 635EEC6C2AF7CB6D00D9A9B3 /* AppDelegate.swift */; };
		635EEC6F2AF7CB6D00D9A9B3 /* SceneDelegate.swift in Sources */ = {isa = PBXBuildFile; fileRef = 635EEC6E2AF7CB6D00D9A9B3 /* SceneDelegate.swift */; };
		635EEC712AF7CB6D00D9A9B3 /* LoginViewController.swift in Sources */ = {isa = PBXBuildFile; fileRef = 635EEC702AF7CB6D00D9A9B3 /* LoginViewController.swift */; };
		635EEC762AF7CB6E00D9A9B3 /* Assets.xcassets in Resources */ = {isa = PBXBuildFile; fileRef = 635EEC752AF7CB6E00D9A9B3 /* Assets.xcassets */; };
		635EEC792AF7CB6E00D9A9B3 /* LaunchScreen.storyboard in Resources */ = {isa = PBXBuildFile; fileRef = 635EEC772AF7CB6E00D9A9B3 /* LaunchScreen.storyboard */; };
		635EEC812AF7CC0800D9A9B3 /* NoteListViewController.swift in Sources */ = {isa = PBXBuildFile; fileRef = 635EEC802AF7CC0800D9A9B3 /* NoteListViewController.swift */; };
		635EEC832AF7CC1400D9A9B3 /* AddNoteViewController.swift in Sources */ = {isa = PBXBuildFile; fileRef = 635EEC822AF7CC1400D9A9B3 /* AddNoteViewController.swift */; };
		635EEC852AF7CC2200D9A9B3 /* NoteDetailsViewController.swift in Sources */ = {isa = PBXBuildFile; fileRef = 635EEC842AF7CC2200D9A9B3 /* NoteDetailsViewController.swift */; };
		635EEC882AF7D3E600D9A9B3 /* UIColor Extension.swift in Sources */ = {isa = PBXBuildFile; fileRef = 635EEC872AF7D3E600D9A9B3 /* UIColor Extension.swift */; };
/* End PBXBuildFile section */

/* Begin PBXFileReference section */
		634C884C2AF7F4980035A1E8 /* Model.swift */ = {isa = PBXFileReference; lastKnownFileType = sourcecode.swift; path = Model.swift; sourceTree = "<group>"; };
		634C884E2AF8715E0035A1E8 /* Keychain.swift */ = {isa = PBXFileReference; lastKnownFileType = sourcecode.swift; path = Keychain.swift; sourceTree = "<group>"; };
		635EEC692AF7CB6D00D9A9B3 /* Secure Notes.app */ = {isa = PBXFileReference; explicitFileType = wrapper.application; includeInIndex = 0; path = "Secure Notes.app"; sourceTree = BUILT_PRODUCTS_DIR; };
		635EEC6C2AF7CB6D00D9A9B3 /* AppDelegate.swift */ = {isa = PBXFileReference; lastKnownFileType = sourcecode.swift; path = AppDelegate.swift; sourceTree = "<group>"; };
		635EEC6E2AF7CB6D00D9A9B3 /* SceneDelegate.swift */ = {isa = PBXFileReference; lastKnownFileType = sourcecode.swift; path = SceneDelegate.swift; sourceTree = "<group>"; };
		635EEC702AF7CB6D00D9A9B3 /* LoginViewController.swift */ = {isa = PBXFileReference; lastKnownFileType = sourcecode.swift; path = LoginViewController.swift; sourceTree = "<group>"; };
		635EEC752AF7CB6E00D9A9B3 /* Assets.xcassets */ = {isa = PBXFileReference; lastKnownFileType = folder.assetcatalog; path = Assets.xcassets; sourceTree = "<group>"; };
		635EEC782AF7CB6E00D9A9B3 /* Base */ = {isa = PBXFileReference; lastKnownFileType = file.storyboard; name = Base; path = Base.lproj/LaunchScreen.storyboard; sourceTree = "<group>"; };
		635EEC7A2AF7CB6E00D9A9B3 /* Info.plist */ = {isa = PBXFileReference; lastKnownFileType = text.plist.xml; path = Info.plist; sourceTree = "<group>"; };
		635EEC802AF7CC0800D9A9B3 /* NoteListViewController.swift */ = {isa = PBXFileReference; lastKnownFileType = sourcecode.swift; path = NoteListViewController.swift; sourceTree = "<group>"; };
		635EEC822AF7CC1400D9A9B3 /* AddNoteViewController.swift */ = {isa = PBXFileReference; lastKnownFileType = sourcecode.swift; path = AddNoteViewController.swift; sourceTree = "<group>"; };
		635EEC842AF7CC2200D9A9B3 /* NoteDetailsViewController.swift */ = {isa = PBXFileReference; lastKnownFileType = sourcecode.swift; path = NoteDetailsViewController.swift; sourceTree = "<group>"; };
		635EEC872AF7D3E600D9A9B3 /* UIColor Extension.swift */ = {isa = PBXFileReference; lastKnownFileType = sourcecode.swift; path = "UIColor Extension.swift"; sourceTree = "<group>"; };
/* End PBXFileReference section */

/* Begin PBXFrameworksBuildPhase section */
		635EEC662AF7CB6D00D9A9B3 /* Frameworks */ = {
			isa = PBXFrameworksBuildPhase;
			buildActionMask = 2147483647;
			files = (
			);
			runOnlyForDeploymentPostprocessing = 0;
		};
/* End PBXFrameworksBuildPhase section */

/* Begin PBXGroup section */
		634C88502AF871DE0035A1E8 /* Model */ = {
			isa = PBXGroup;
			children = (
				634C884C2AF7F4980035A1E8 /* Model.swift */,
			);
			path = Model;
			sourceTree = "<group>";
		};
		634C88512AF871FB0035A1E8 /* Main */ = {
			isa = PBXGroup;
			children = (
				635EEC702AF7CB6D00D9A9B3 /* LoginViewController.swift */,
			);
			path = Main;
			sourceTree = "<group>";
		};
		634C88522AF872110035A1E8 /* Notes */ = {
			isa = PBXGroup;
			children = (
				635EEC802AF7CC0800D9A9B3 /* NoteListViewController.swift */,
				635EEC822AF7CC1400D9A9B3 /* AddNoteViewController.swift */,
				635EEC842AF7CC2200D9A9B3 /* NoteDetailsViewController.swift */,
			);
			path = Notes;
			sourceTree = "<group>";
		};
		634C88532AF8721F0035A1E8 /* Keychain + UIColor */ = {
			isa = PBXGroup;
			children = (
				635EEC872AF7D3E600D9A9B3 /* UIColor Extension.swift */,
				634C884E2AF8715E0035A1E8 /* Keychain.swift */,
			);
			path = "Keychain + UIColor";
			sourceTree = "<group>";
		};
		634C88542AF8724D0035A1E8 /* Scene */ = {
			isa = PBXGroup;
			children = (
				634C88512AF871FB0035A1E8 /* Main */,
				634C88522AF872110035A1E8 /* Notes */,
				634C88532AF8721F0035A1E8 /* Keychain + UIColor */,
			);
			path = Scene;
			sourceTree = "<group>";
		};
		635EEC602AF7CB6D00D9A9B3 = {
			isa = PBXGroup;
			children = (
				635EEC6B2AF7CB6D00D9A9B3 /* Secure Notes */,
				635EEC6A2AF7CB6D00D9A9B3 /* Products */,
			);
			sourceTree = "<group>";
		};
		635EEC6A2AF7CB6D00D9A9B3 /* Products */ = {
			isa = PBXGroup;
			children = (
				635EEC692AF7CB6D00D9A9B3 /* Secure Notes.app */,
			);
			name = Products;
			sourceTree = "<group>";
		};
		635EEC6B2AF7CB6D00D9A9B3 /* Secure Notes */ = {
			isa = PBXGroup;
			children = (
				635EEC862AF7CC2900D9A9B3 /* App */,
				634C88502AF871DE0035A1E8 /* Model */,
				634C88542AF8724D0035A1E8 /* Scene */,
				635EEC752AF7CB6E00D9A9B3 /* Assets.xcassets */,
				635EEC772AF7CB6E00D9A9B3 /* LaunchScreen.storyboard */,
				635EEC7A2AF7CB6E00D9A9B3 /* Info.plist */,
			);
			path = "Secure Notes";
			sourceTree = "<group>";
		};
		635EEC862AF7CC2900D9A9B3 /* App */ = {
			isa = PBXGroup;
			children = (
				635EEC6C2AF7CB6D00D9A9B3 /* AppDelegate.swift */,
				635EEC6E2AF7CB6D00D9A9B3 /* SceneDelegate.swift */,
			);
			path = App;
			sourceTree = "<group>";
		};
/* End PBXGroup section */

/* Begin PBXNativeTarget section */
		635EEC682AF7CB6D00D9A9B3 /* Secure Notes */ = {
			isa = PBXNativeTarget;
			buildConfigurationList = 635EEC7D2AF7CB6E00D9A9B3 /* Build configuration list for PBXNativeTarget "Secure Notes" */;
			buildPhases = (
				635EEC652AF7CB6D00D9A9B3 /* Sources */,
				635EEC662AF7CB6D00D9A9B3 /* Frameworks */,
				635EEC672AF7CB6D00D9A9B3 /* Resources */,
			);
			buildRules = (
			);
			dependencies = (
			);
			name = "Secure Notes";
			productName = "Secure Notes";
			productReference = 635EEC692AF7CB6D00D9A9B3 /* Secure Notes.app */;
			productType = "com.apple.product-type.application";
		};
/* End PBXNativeTarget section */

/* Begin PBXProject section */
		635EEC612AF7CB6D00D9A9B3 /* Project object */ = {
			isa = PBXProject;
			attributes = {
				BuildIndependentTargetsInParallel = 1;
				LastSwiftUpdateCheck = 1500;
				LastUpgradeCheck = 1500;
				TargetAttributes = {
					635EEC682AF7CB6D00D9A9B3 = {
						CreatedOnToolsVersion = 15.0;
					};
				};
			};
			buildConfigurationList = 635EEC642AF7CB6D00D9A9B3 /* Build configuration list for PBXProject "Secure Notes" */;
			compatibilityVersion = "Xcode 14.0";
			developmentRegion = en;
			hasScannedForEncodings = 0;
			knownRegions = (
				en,
				Base,
			);
			mainGroup = 635EEC602AF7CB6D00D9A9B3;
			productRefGroup = 635EEC6A2AF7CB6D00D9A9B3 /* Products */;
			projectDirPath = "";
			projectRoot = "";
			targets = (
				635EEC682AF7CB6D00D9A9B3 /* Secure Notes */,
			);
		};
/* End PBXProject section */

/* Begin PBXResourcesBuildPhase section */
		635EEC672AF7CB6D00D9A9B3 /* Resources */ = {
			isa = PBXResourcesBuildPhase;
			buildActionMask = 2147483647;
			files = (
				635EEC792AF7CB6E00D9A9B3 /* LaunchScreen.storyboard in Resources */,
				635EEC762AF7CB6E00D9A9B3 /* Assets.xcassets in Resources */,
			);
			runOnlyForDeploymentPostprocessing = 0;
		};
/* End PBXResourcesBuildPhase section */

/* Begin PBXSourcesBuildPhase section */
		635EEC652AF7CB6D00D9A9B3 /* Sources */ = {
			isa = PBXSourcesBuildPhase;
			buildActionMask = 2147483647;
			files = (
				635EEC812AF7CC0800D9A9B3 /* NoteListViewController.swift in Sources */,
				635EEC712AF7CB6D00D9A9B3 /* LoginViewController.swift in Sources */,
				635EEC882AF7D3E600D9A9B3 /* UIColor Extension.swift in Sources */,
				635EEC6D2AF7CB6D00D9A9B3 /* AppDelegate.swift in Sources */,
				635EEC832AF7CC1400D9A9B3 /* AddNoteViewController.swift in Sources */,
				634C884F2AF8715E0035A1E8 /* Keychain.swift in Sources */,
				635EEC6F2AF7CB6D00D9A9B3 /* SceneDelegate.swift in Sources */,
				635EEC852AF7CC2200D9A9B3 /* NoteDetailsViewController.swift in Sources */,
				634C884D2AF7F4980035A1E8 /* Model.swift in Sources */,
			);
			runOnlyForDeploymentPostprocessing = 0;
		};
/* End PBXSourcesBuildPhase section */

/* Begin PBXVariantGroup section */
		635EEC772AF7CB6E00D9A9B3 /* LaunchScreen.storyboard */ = {
			isa = PBXVariantGroup;
			children = (
				635EEC782AF7CB6E00D9A9B3 /* Base */,
			);
			name = LaunchScreen.storyboard;
			sourceTree = "<group>";
		};
/* End PBXVariantGroup section */

/* Begin XCBuildConfiguration section */
		635EEC7B2AF7CB6E00D9A9B3 /* Debug */ = {
			isa = XCBuildConfiguration;
			buildSettings = {
				ALWAYS_SEARCH_USER_PATHS = NO;
				ASSETCATALOG_COMPILER_GENERATE_SWIFT_ASSET_SYMBOL_EXTENSIONS = YES;
				CLANG_ANALYZER_NONNULL = YES;
				CLANG_ANALYZER_NUMBER_OBJECT_CONVERSION = YES_AGGRESSIVE;
				CLANG_CXX_LANGUAGE_STANDARD = "gnu++20";
				CLANG_ENABLE_MODULES = YES;
				CLANG_ENABLE_OBJC_ARC = YES;
				CLANG_ENABLE_OBJC_WEAK = YES;
				CLANG_WARN_BLOCK_CAPTURE_AUTORELEASING = YES;
				CLANG_WARN_BOOL_CONVERSION = YES;
				CLANG_WARN_COMMA = YES;
				CLANG_WARN_CONSTANT_CONVERSION = YES;
				CLANG_WARN_DEPRECATED_OBJC_IMPLEMENTATIONS = YES;
				CLANG_WARN_DIRECT_OBJC_ISA_USAGE = YES_ERROR;
				CLANG_WARN_DOCUMENTATION_COMMENTS = YES;
				CLANG_WARN_EMPTY_BODY = YES;
				CLANG_WARN_ENUM_CONVERSION = YES;
				CLANG_WARN_INFINITE_RECURSION = YES;
				CLANG_WARN_INT_CONVERSION = YES;
				CLANG_WARN_NON_LITERAL_NULL_CONVERSION = YES;
				CLANG_WARN_OBJC_IMPLICIT_RETAIN_SELF = YES;
				CLANG_WARN_OBJC_LITERAL_CONVERSION = YES;
				CLANG_WARN_OBJC_ROOT_CLASS = YES_ERROR;
				CLANG_WARN_QUOTED_INCLUDE_IN_FRAMEWORK_HEADER = YES;
				CLANG_WARN_RANGE_LOOP_ANALYSIS = YES;
				CLANG_WARN_STRICT_PROTOTYPES = YES;
				CLANG_WARN_SUSPICIOUS_MOVE = YES;
				CLANG_WARN_UNGUARDED_AVAILABILITY = YES_AGGRESSIVE;
				CLANG_WARN_UNREACHABLE_CODE = YES;
				CLANG_WARN__DUPLICATE_METHOD_MATCH = YES;
				COPY_PHASE_STRIP = NO;
				DEBUG_INFORMATION_FORMAT = dwarf;
				ENABLE_STRICT_OBJC_MSGSEND = YES;
				ENABLE_TESTABILITY = YES;
				ENABLE_USER_SCRIPT_SANDBOXING = YES;
				GCC_C_LANGUAGE_STANDARD = gnu17;
				GCC_DYNAMIC_NO_PIC = NO;
				GCC_NO_COMMON_BLOCKS = YES;
				GCC_OPTIMIZATION_LEVEL = 0;
				GCC_PREPROCESSOR_DEFINITIONS = (
					"DEBUG=1",
					"$(inherited)",
				);
				GCC_WARN_64_TO_32_BIT_CONVERSION = YES;
				GCC_WARN_ABOUT_RETURN_TYPE = YES_ERROR;
				GCC_WARN_UNDECLARED_SELECTOR = YES;
				GCC_WARN_UNINITIALIZED_AUTOS = YES_AGGRESSIVE;
				GCC_WARN_UNUSED_FUNCTION = YES;
				GCC_WARN_UNUSED_VARIABLE = YES;
				IPHONEOS_DEPLOYMENT_TARGET = 17.0;
				LOCALIZATION_PREFERS_STRING_CATALOGS = YES;
				MTL_ENABLE_DEBUG_INFO = INCLUDE_SOURCE;
				MTL_FAST_MATH = YES;
				ONLY_ACTIVE_ARCH = YES;
				SDKROOT = iphoneos;
				SWIFT_ACTIVE_COMPILATION_CONDITIONS = "DEBUG $(inherited)";
				SWIFT_OPTIMIZATION_LEVEL = "-Onone";
			};
			name = Debug;
		};
		635EEC7C2AF7CB6E00D9A9B3 /* Release */ = {
			isa = XCBuildConfiguration;
			buildSettings = {
				ALWAYS_SEARCH_USER_PATHS = NO;
				ASSETCATALOG_COMPILER_GENERATE_SWIFT_ASSET_SYMBOL_EXTENSIONS = YES;
				CLANG_ANALYZER_NONNULL = YES;
				CLANG_ANALYZER_NUMBER_OBJECT_CONVERSION = YES_AGGRESSIVE;
				CLANG_CXX_LANGUAGE_STANDARD = "gnu++20";
				CLANG_ENABLE_MODULES = YES;
				CLANG_ENABLE_OBJC_ARC = YES;
				CLANG_ENABLE_OBJC_WEAK = YES;
				CLANG_WARN_BLOCK_CAPTURE_AUTORELEASING = YES;
				CLANG_WARN_BOOL_CONVERSION = YES;
				CLANG_WARN_COMMA = YES;
				CLANG_WARN_CONSTANT_CONVERSION = YES;
				CLANG_WARN_DEPRECATED_OBJC_IMPLEMENTATIONS = YES;
				CLANG_WARN_DIRECT_OBJC_ISA_USAGE = YES_ERROR;
				CLANG_WARN_DOCUMENTATION_COMMENTS = YES;
				CLANG_WARN_EMPTY_BODY = YES;
				CLANG_WARN_ENUM_CONVERSION = YES;
				CLANG_WARN_INFINITE_RECURSION = YES;
				CLANG_WARN_INT_CONVERSION = YES;
				CLANG_WARN_NON_LITERAL_NULL_CONVERSION = YES;
				CLANG_WARN_OBJC_IMPLICIT_RETAIN_SELF = YES;
				CLANG_WARN_OBJC_LITERAL_CONVERSION = YES;
				CLANG_WARN_OBJC_ROOT_CLASS = YES_ERROR;
				CLANG_WARN_QUOTED_INCLUDE_IN_FRAMEWORK_HEADER = YES;
				CLANG_WARN_RANGE_LOOP_ANALYSIS = YES;
				CLANG_WARN_STRICT_PROTOTYPES = YES;
				CLANG_WARN_SUSPICIOUS_MOVE = YES;
				CLANG_WARN_UNGUARDED_AVAILABILITY = YES_AGGRESSIVE;
				CLANG_WARN_UNREACHABLE_CODE = YES;
				CLANG_WARN__DUPLICATE_METHOD_MATCH = YES;
				COPY_PHASE_STRIP = NO;
				DEBUG_INFORMATION_FORMAT = "dwarf-with-dsym";
				ENABLE_NS_ASSERTIONS = NO;
				ENABLE_STRICT_OBJC_MSGSEND = YES;
				ENABLE_USER_SCRIPT_SANDBOXING = YES;
				GCC_C_LANGUAGE_STANDARD = gnu17;
				GCC_NO_COMMON_BLOCKS = YES;
				GCC_WARN_64_TO_32_BIT_CONVERSION = YES;
				GCC_WARN_ABOUT_RETURN_TYPE = YES_ERROR;
				GCC_WARN_UNDECLARED_SELECTOR = YES;
				GCC_WARN_UNINITIALIZED_AUTOS = YES_AGGRESSIVE;
				GCC_WARN_UNUSED_FUNCTION = YES;
				GCC_WARN_UNUSED_VARIABLE = YES;
				IPHONEOS_DEPLOYMENT_TARGET = 17.0;
				LOCALIZATION_PREFERS_STRING_CATALOGS = YES;
				MTL_ENABLE_DEBUG_INFO = NO;
				MTL_FAST_MATH = YES;
				SDKROOT = iphoneos;
				SWIFT_COMPILATION_MODE = wholemodule;
				VALIDATE_PRODUCT = YES;
			};
			name = Release;
		};
		635EEC7E2AF7CB6E00D9A9B3 /* Debug */ = {
			isa = XCBuildConfiguration;
			buildSettings = {
				ASSETCATALOG_COMPILER_APPICON_NAME = AppIcon;
				ASSETCATALOG_COMPILER_GLOBAL_ACCENT_COLOR_NAME = AccentColor;
				CODE_SIGN_STYLE = Automatic;
				CURRENT_PROJECT_VERSION = 1;
				DEVELOPMENT_TEAM = 25A9GC2B9J;
				GENERATE_INFOPLIST_FILE = YES;
				INFOPLIST_FILE = "Secure Notes/Info.plist";
				INFOPLIST_KEY_UIApplicationSupportsIndirectInputEvents = YES;
				INFOPLIST_KEY_UILaunchStoryboardName = LaunchScreen;
				INFOPLIST_KEY_UISupportedInterfaceOrientations_iPad = "UIInterfaceOrientationPortrait UIInterfaceOrientationPortraitUpsideDown UIInterfaceOrientationLandscapeLeft UIInterfaceOrientationLandscapeRight";
				INFOPLIST_KEY_UISupportedInterfaceOrientations_iPhone = "UIInterfaceOrientationPortrait UIInterfaceOrientationLandscapeLeft UIInterfaceOrientationLandscapeRight";
				LD_RUNPATH_SEARCH_PATHS = (
					"$(inherited)",
					"@executable_path/Frameworks",
				);
				MARKETING_VERSION = 1.0;
				PRODUCT_BUNDLE_IDENTIFIER = "com.lecture.Secure-Notes";
				PRODUCT_NAME = "$(TARGET_NAME)";
				SWIFT_EMIT_LOC_STRINGS = YES;
				SWIFT_VERSION = 5.0;
				TARGETED_DEVICE_FAMILY = "1,2";
			};
			name = Debug;
		};
		635EEC7F2AF7CB6E00D9A9B3 /* Release */ = {
			isa = XCBuildConfiguration;
			buildSettings = {
				ASSETCATALOG_COMPILER_APPICON_NAME = AppIcon;
				ASSETCATALOG_COMPILER_GLOBAL_ACCENT_COLOR_NAME = AccentColor;
				CODE_SIGN_STYLE = Automatic;
				CURRENT_PROJECT_VERSION = 1;
				DEVELOPMENT_TEAM = 25A9GC2B9J;
				GENERATE_INFOPLIST_FILE = YES;
				INFOPLIST_FILE = "Secure Notes/Info.plist";
				INFOPLIST_KEY_UIApplicationSupportsIndirectInputEvents = YES;
				INFOPLIST_KEY_UILaunchStoryboardName = LaunchScreen;
				INFOPLIST_KEY_UISupportedInterfaceOrientations_iPad = "UIInterfaceOrientationPortrait UIInterfaceOrientationPortraitUpsideDown UIInterfaceOrientationLandscapeLeft UIInterfaceOrientationLandscapeRight";
				INFOPLIST_KEY_UISupportedInterfaceOrientations_iPhone = "UIInterfaceOrientationPortrait UIInterfaceOrientationLandscapeLeft UIInterfaceOrientationLandscapeRight";
				LD_RUNPATH_SEARCH_PATHS = (
					"$(inherited)",
					"@executable_path/Frameworks",
				);
				MARKETING_VERSION = 1.0;
				PRODUCT_BUNDLE_IDENTIFIER = "com.lecture.Secure-Notes";
				PRODUCT_NAME = "$(TARGET_NAME)";
				SWIFT_EMIT_LOC_STRINGS = YES;
				SWIFT_VERSION = 5.0;
				TARGETED_DEVICE_FAMILY = "1,2";
			};
			name = Release;
		};
/* End XCBuildConfiguration section */

/* Begin XCConfigurationList section */
		635EEC642AF7CB6D00D9A9B3 /* Build configuration list for PBXProject "Secure Notes" */ = {
			isa = XCConfigurationList;
			buildConfigurations = (
				635EEC7B2AF7CB6E00D9A9B3 /* Debug */,
				635EEC7C2AF7CB6E00D9A9B3 /* Release */,
			);
			defaultConfigurationIsVisible = 0;
			defaultConfigurationName = Release;
		};
		635EEC7D2AF7CB6E00D9A9B3 /* Build configuration list for PBXNativeTarget "Secure Notes" */ = {
			isa = XCConfigurationList;
			buildConfigurations = (
				635EEC7E2AF7CB6E00D9A9B3 /* Debug */,
				635EEC7F2AF7CB6E00D9A9B3 /* Release */,
			);
			defaultConfigurationIsVisible = 0;
			defaultConfigurationName = Release;
		};
/* End XCConfigurationList section */
	};
	rootObject = 635EEC612AF7CB6D00D9A9B3 /* Project object */;
}
